# THIS IS AN AUTOGENERATED FILE. DO NOT EDIT THIS FILE DIRECTLY.
# yarn lockfile v1


"@playwright/test@^1.36.2":
  version "1.36.2"
  resolved "https://registry.yarnpkg.com/@playwright/test/-/test-1.36.2.tgz#9edd68a02b0929c5d78d9479a654ceb981dfb592"
  integrity sha512-2rVZeyPRjxfPH6J0oGJqE8YxiM1IBRyM8hyrXYK7eSiAqmbNhxwcLa7dZ7fy9Kj26V7FYia5fh9XJRq4Dqme+g==
  dependencies:
    "@types/node" "*"
    playwright-core "1.36.2"
  optionalDependencies:
    fsevents "2.3.2"

"@types/lodash@^4.14.196":
  version "4.14.196"
  resolved "https://registry.yarnpkg.com/@types/lodash/-/lodash-4.14.196.tgz#a7c3d6fc52d8d71328b764e28e080b4169ec7a95"
  integrity sha512-22y3o88f4a94mKljsZcanlNWPzO0uBsBdzLAngf2tp533LzZcQzb6+eZPJ+vCTt+bqF2XnvT9gejTLsAcJAJyQ==

"@types/node@*":
  version "20.4.8"
  resolved "https://registry.yarnpkg.com/@types/node/-/node-20.4.8.tgz#b5dda19adaa473a9bf0ab5cbd8f30ec7d43f5c85"
  integrity sha512-0mHckf6D2DiIAzh8fM8f3HQCvMKDpK94YQ0DSVkfWTG9BZleYIWudw9cJxX8oCk9bM+vAkDyujDV6dmKHbvQpg==

fsevents@2.3.2:
  version "2.3.2"
  resolved "https://registry.yarnpkg.com/fsevents/-/fsevents-2.3.2.tgz#8a526f78b8fdf4623b709e0b975c52c24c02fd1a"
  integrity sha512-xiqMQR4xAeHTuB9uWm+fFRcIOgKBMiOBP+eXiyT7jsgVCq1bkVygt00oASowB7EdtpOHaaPgKt812P9ab+DDKA==

lodash@^4.17.21:
  version "4.17.21"
  resolved "https://registry.yarnpkg.com/lodash/-/lodash-4.17.21.tgz#679591c564c3bffaae8454cf0b3df370c3d6911c"
  integrity sha512-v2kDEe57lecTulaDIuNTPy3Ry4gLGJ6Z1O3vE1krgXZNrsQ+LFTGHVxVjcXPs17LhbZVGedAJv8XZ1tvj5FvSg==

playwright-core@1.36.2:
  version "1.36.2"
  resolved "https://registry.yarnpkg.com/playwright-core/-/playwright-core-1.36.2.tgz#32382f2d96764c24c65a86ea336cf79721c2e50e"
  integrity sha512-sQYZt31dwkqxOrP7xy2ggDfEzUxM1lodjhsQ3NMMv5uGTRDsLxU0e4xf4wwMkF2gplIxf17QMBCodSFgm6bFVQ==
